
Microsoft Visual Studio Solution File, Format Version 12.00
# Visual Studio Version 17
VisualStudioVersion = 17.0.31903.59
MinimumVisualStudioVersion = 10.0.40219.1
Project("{FAE04EC0-301F-11D3-BF4B-00C04F79EFBC}") = "ConsoleApp.HelloWorld", "ConsoleApp.HelloWorld\ConsoleApp.HelloWorld.csproj", "{F0F0E254-1606-4294-8786-13D6B3BFD558}"
EndProject
Project("{FAE04EC0-301F-11D3-BF4B-00C04F79EFBC}") = "ConsoleApp.Additional", "ConsoleApp.Additional\ConsoleApp.Additional.csproj", "{BF138F93-F010-41E8-BAE0-AAAA84B48252}"
EndProject
Global
	GlobalSection(SolutionConfigurationPlatforms) = preSolution
		Debug|Any CPU = Debug|Any CPU
		Release|Any CPU = Release|Any CPU
	EndGlobalSection
	GlobalSection(SolutionProperties) = preSolution
		HideSolutionNode = FALSE
	EndGlobalSection
	GlobalSection(ProjectConfigurationPlatforms) = postSolution
		{F0F0E254-1606-4294-8786-13D6B3BFD558}.Debug|Any CPU.ActiveCfg = Debug|Any CPU
		{F0F0E254-1606-4294-8786-13D6B3BFD558}.Debug|Any CPU.Build.0 = Debug|Any CPU
		{F0F0E254-1606-4294-8786-13D6B3BFD558}.Release|Any CPU.ActiveCfg = Release|Any CPU
		{F0F0E254-1606-4294-8786-13D6B3BFD558}.Release|Any CPU.Build.0 = Release|Any CPU
		{BF138F93-F010-41E8-BAE0-AAAA84B48252}.Debug|Any CPU.ActiveCfg = Debug|Any CPU
		{BF138F93-F010-41E8-BAE0-AAAA84B48252}.Debug|Any CPU.Build.0 = Debug|Any CPU
		{BF138F93-F010-41E8-BAE0-AAAA84B48252}.Release|Any CPU.ActiveCfg = Release|Any CPU
		{BF138F93-F010-41E8-BAE0-AAAA84B48252}.Release|Any CPU.Build.0 = Release|Any CPU
	EndGlobalSection
EndGlobal
